
Microsoft Visual Studio Solution File, Format Version 12.00
# Visual Studio Version 17
VisualStudioVersion = 17.8.34525.116
MinimumVisualStudioVersion = 10.0.40219.1
Project("{FAE04EC0-301F-11D3-BF4B-00C04F79EFBC}") = "ReactApp1.Server", "ReactApp1.Server\ReactApp1.Server.csproj", "{69111E83-0FE6-4FC3-9F5E-CDAEDA16695A}"
EndProject
Project("{54A90642-561A-4BB1-A94E-469ADEE60C69}") = "reactapp1.client", "reactapp1.client\reactapp1.client.esproj", "{7C2C68A8-B5D0-4D6D-8E4C-5DDBE3CD2F69}"
EndProject
Project("{FAE04EC0-301F-11D3-BF4B-00C04F79EFBC}") = "Entities", "Entities\Entities.csproj", "{C37D1E25-710C-40CF-B62C-87C4A9CE2085}"
EndProject
Project("{FAE04EC0-301F-11D3-BF4B-00C04F79EFBC}") = "Contracts", "Contracts\Contracts.csproj", "{FC0BA84D-E819-4BEB-9D48-A72953A5F549}"
EndProject
Project("{FAE04EC0-301F-11D3-BF4B-00C04F79EFBC}") = "Repository", "Repository\Repository.csproj", "{0E4EA662-5278-4932-AD73-0A64A28F873B}"
EndProject
Global
	GlobalSection(SolutionConfigurationPlatforms) = preSolution
		Debug|Any CPU = Debug|Any CPU
		Release|Any CPU = Release|Any CPU
	EndGlobalSection
	GlobalSection(ProjectConfigurationPlatforms) = postSolution
		{69111E83-0FE6-4FC3-9F5E-CDAEDA16695A}.Debug|Any CPU.ActiveCfg = Debug|Any CPU
		{69111E83-0FE6-4FC3-9F5E-CDAEDA16695A}.Debug|Any CPU.Build.0 = Debug|Any CPU
		{69111E83-0FE6-4FC3-9F5E-CDAEDA16695A}.Release|Any CPU.ActiveCfg = Release|Any CPU
		{69111E83-0FE6-4FC3-9F5E-CDAEDA16695A}.Release|Any CPU.Build.0 = Release|Any CPU
		{7C2C68A8-B5D0-4D6D-8E4C-5DDBE3CD2F69}.Debug|Any CPU.ActiveCfg = Debug|Any CPU
		{7C2C68A8-B5D0-4D6D-8E4C-5DDBE3CD2F69}.Debug|Any CPU.Build.0 = Debug|Any CPU
		{7C2C68A8-B5D0-4D6D-8E4C-5DDBE3CD2F69}.Debug|Any CPU.Deploy.0 = Debug|Any CPU
		{7C2C68A8-B5D0-4D6D-8E4C-5DDBE3CD2F69}.Release|Any CPU.ActiveCfg = Release|Any CPU
		{7C2C68A8-B5D0-4D6D-8E4C-5DDBE3CD2F69}.Release|Any CPU.Build.0 = Release|Any CPU
		{7C2C68A8-B5D0-4D6D-8E4C-5DDBE3CD2F69}.Release|Any CPU.Deploy.0 = Release|Any CPU
		{C37D1E25-710C-40CF-B62C-87C4A9CE2085}.Debug|Any CPU.ActiveCfg = Debug|Any CPU
		{C37D1E25-710C-40CF-B62C-87C4A9CE2085}.Debug|Any CPU.Build.0 = Debug|Any CPU
		{C37D1E25-710C-40CF-B62C-87C4A9CE2085}.Release|Any CPU.ActiveCfg = Release|Any CPU
		{C37D1E25-710C-40CF-B62C-87C4A9CE2085}.Release|Any CPU.Build.0 = Release|Any CPU
		{FC0BA84D-E819-4BEB-9D48-A72953A5F549}.Debug|Any CPU.ActiveCfg = Debug|Any CPU
		{FC0BA84D-E819-4BEB-9D48-A72953A5F549}.Debug|Any CPU.Build.0 = Debug|Any CPU
		{FC0BA84D-E819-4BEB-9D48-A72953A5F549}.Release|Any CPU.ActiveCfg = Release|Any CPU
		{FC0BA84D-E819-4BEB-9D48-A72953A5F549}.Release|Any CPU.Build.0 = Release|Any CPU
		{0E4EA662-5278-4932-AD73-0A64A28F873B}.Debug|Any CPU.ActiveCfg = Debug|Any CPU
		{0E4EA662-5278-4932-AD73-0A64A28F873B}.Debug|Any CPU.Build.0 = Debug|Any CPU
		{0E4EA662-5278-4932-AD73-0A64A28F873B}.Release|Any CPU.ActiveCfg = Release|Any CPU
		{0E4EA662-5278-4932-AD73-0A64A28F873B}.Release|Any CPU.Build.0 = Release|Any CPU
	EndGlobalSection
	GlobalSection(SolutionProperties) = preSolution
		HideSolutionNode = FALSE
	EndGlobalSection
	GlobalSection(ExtensibilityGlobals) = postSolution
		SolutionGuid = {36443C57-B28A-4F85-A854-B3760CD881E1}
	EndGlobalSection
EndGlobal
